// !$*UTF8*$!
{
	archiveVersion = 1;
	classes = {
	};
	objectVersion = 46;
	objects = {

/* Begin PBXBuildFile section */
		0426834E1C566F0800CDEEE1 /* main.m in Sources */ = {isa = PBXBuildFile; fileRef = 0426834D1C566F0800CDEEE1 /* main.m */; };
		042683511C566F0800CDEEE1 /* VCEAppDelegate.m in Sources */ = {isa = PBXBuildFile; fileRef = 042683501C566F0800CDEEE1 /* VCEAppDelegate.m */; };
		042683541C566F0800CDEEE1 /* VCEViewController.m in Sources */ = {isa = PBXBuildFile; fileRef = 042683531C566F0800CDEEE1 /* VCEViewController.m */; };
		042683571C566F0800CDEEE1 /* Main.storyboard in Resources */ = {isa = PBXBuildFile; fileRef = 042683551C566F0800CDEEE1 /* Main.storyboard */; };
		042683591C566F0800CDEEE1 /* Assets.xcassets in Resources */ = {isa = PBXBuildFile; fileRef = 042683581C566F0800CDEEE1 /* Assets.xcassets */; };
		0426835C1C566F0800CDEEE1 /* LaunchScreen.storyboard in Resources */ = {isa = PBXBuildFile; fileRef = 0426835A1C566F0800CDEEE1 /* LaunchScreen.storyboard */; };
		042683651C5670B700CDEEE1 /* VCEBlueViewController.m in Sources */ = {isa = PBXBuildFile; fileRef = 042683641C5670B700CDEEE1 /* VCEBlueViewController.m */; };
		042683691C56736800CDEEE1 /* VCEModalViewController.m in Sources */ = {isa = PBXBuildFile; fileRef = 042683681C56736800CDEEE1 /* VCEModalViewController.m */; };
		0426836C1C567EC100CDEEE1 /* VCESplitViewController.m in Sources */ = {isa = PBXBuildFile; fileRef = 0426836B1C567EC100CDEEE1 /* VCESplitViewController.m */; };
		042683721C567FC300CDEEE1 /* VCESplitRootViewController.m in Sources */ = {isa = PBXBuildFile; fileRef = 042683711C567FC300CDEEE1 /* VCESplitRootViewController.m */; };
		042683751C5684A300CDEEE1 /* VCESplitDetailViewController.m in Sources */ = {isa = PBXBuildFile; fileRef = 042683741C5684A300CDEEE1 /* VCESplitDetailViewController.m */; };
		04D3ADFA1C56A782008B0295 /* VCEPageViewController.m in Sources */ = {isa = PBXBuildFile; fileRef = 04D3ADF91C56A782008B0295 /* VCEPageViewController.m */; };
		807E57B71C578CBF002B12B6 /* VCERedViewController.m in Sources */ = {isa = PBXBuildFile; fileRef = 807E57B61C578CBF002B12B6 /* VCERedViewController.m */; };
		807E57BA1C578D23002B12B6 /* VCEYellowViewController.m in Sources */ = {isa = PBXBuildFile; fileRef = 807E57B91C578D23002B12B6 /* VCEYellowViewController.m */; };
		807E57BD1C578EAB002B12B6 /* VCETabBarViewController.m in Sources */ = {isa = PBXBuildFile; fileRef = 807E57BC1C578EAB002B12B6 /* VCETabBarViewController.m */; };
		807E57C01C579333002B12B6 /* mountain.png in Resources */ = {isa = PBXBuildFile; fileRef = 807E57BE1C579333002B12B6 /* mountain.png */; };
		807E57C11C579333002B12B6 /* treasure_map.png in Resources */ = {isa = PBXBuildFile; fileRef = 807E57BF1C579333002B12B6 /* treasure_map.png */; };
		807E57C41C579DAE002B12B6 /* bg_cork.png in Resources */ = {isa = PBXBuildFile; fileRef = 807E57C31C579DAE002B12B6 /* bg_cork.png */; };
		807E57C61C579F4E002B12B6 /* stare-tekstury-vintage-grunge_19-113524.jpg in Resources */ = {isa = PBXBuildFile; fileRef = 807E57C51C579F4E002B12B6 /* stare-tekstury-vintage-grunge_19-113524.jpg */; };
		807E57C91C57A141002B12B6 /* VCECollectionViewController.m in Sources */ = {isa = PBXBuildFile; fileRef = 807E57C81C57A141002B12B6 /* VCECollectionViewController.m */; };
		807E57CC1C57A3A7002B12B6 /* VCECollectionViewCell.m in Sources */ = {isa = PBXBuildFile; fileRef = 807E57CB1C57A3A7002B12B6 /* VCECollectionViewCell.m */; };
		807E57CF1C5848CB002B12B6 /* MapKit.framework in Frameworks */ = {isa = PBXBuildFile; fileRef = 807E57CE1C5848CB002B12B6 /* MapKit.framework */; };
		807E57D21C584CA5002B12B6 /* AdressAnnotation.m in Sources */ = {isa = PBXBuildFile; fileRef = 807E57D11C584CA5002B12B6 /* AdressAnnotation.m */; };
		807E57D41C585339002B12B6 /* Locations.plist in Resources */ = {isa = PBXBuildFile; fileRef = 807E57D31C585339002B12B6 /* Locations.plist */; };
/* End PBXBuildFile section */

/* Begin PBXFileReference section */
		042683491C566F0800CDEEE1 /* ViewControllersFlow.app */ = {isa = PBXFileReference; explicitFileType = wrapper.application; includeInIndex = 0; path = ViewControllersFlow.app; sourceTree = BUILT_PRODUCTS_DIR; };
		0426834D1C566F0800CDEEE1 /* main.m */ = {isa = PBXFileReference; lastKnownFileType = sourcecode.c.objc; path = main.m; sourceTree = "<group>"; };
		0426834F1C566F0800CDEEE1 /* VCEAppDelegate.h */ = {isa = PBXFileReference; lastKnownFileType = sourcecode.c.h; path = VCEAppDelegate.h; sourceTree = "<group>"; };
		042683501C566F0800CDEEE1 /* VCEAppDelegate.m */ = {isa = PBXFileReference; lastKnownFileType = sourcecode.c.objc; path = VCEAppDelegate.m; sourceTree = "<group>"; };
		042683521C566F0800CDEEE1 /* VCEViewController.h */ = {isa = PBXFileReference; lastKnownFileType = sourcecode.c.h; path = VCEViewController.h; sourceTree = "<group>"; };
		042683531C566F0800CDEEE1 /* VCEViewController.m */ = {isa = PBXFileReference; lastKnownFileType = sourcecode.c.objc; path = VCEViewController.m; sourceTree = "<group>"; };
		042683561C566F0800CDEEE1 /* Base */ = {isa = PBXFileReference; lastKnownFileType = file.storyboard; name = Base; path = Base.lproj/Main.storyboard; sourceTree = "<group>"; };
		042683581C566F0800CDEEE1 /* Assets.xcassets */ = {isa = PBXFileReference; lastKnownFileType = folder.assetcatalog; path = Assets.xcassets; sourceTree = "<group>"; };
		0426835B1C566F0800CDEEE1 /* Base */ = {isa = PBXFileReference; lastKnownFileType = file.storyboard; name = Base; path = Base.lproj/LaunchScreen.storyboard; sourceTree = "<group>"; };
		0426835D1C566F0800CDEEE1 /* Info.plist */ = {isa = PBXFileReference; lastKnownFileType = text.plist.xml; path = Info.plist; sourceTree = "<group>"; };
		042683631C5670B700CDEEE1 /* VCEBlueViewController.h */ = {isa = PBXFileReference; fileEncoding = 4; lastKnownFileType = sourcecode.c.h; path = VCEBlueViewController.h; sourceTree = "<group>"; };
		042683641C5670B700CDEEE1 /* VCEBlueViewController.m */ = {isa = PBXFileReference; fileEncoding = 4; lastKnownFileType = sourcecode.c.objc; path = VCEBlueViewController.m; sourceTree = "<group>"; };
		042683671C56736700CDEEE1 /* VCEModalViewController.h */ = {isa = PBXFileReference; fileEncoding = 4; lastKnownFileType = sourcecode.c.h; path = VCEModalViewController.h; sourceTree = "<group>"; };
		042683681C56736800CDEEE1 /* VCEModalViewController.m */ = {isa = PBXFileReference; fileEncoding = 4; lastKnownFileType = sourcecode.c.objc; path = VCEModalViewController.m; sourceTree = "<group>"; };
		0426836A1C567EC100CDEEE1 /* VCESplitViewController.h */ = {isa = PBXFileReference; fileEncoding = 4; lastKnownFileType = sourcecode.c.h; path = VCESplitViewController.h; sourceTree = "<group>"; };
		0426836B1C567EC100CDEEE1 /* VCESplitViewController.m */ = {isa = PBXFileReference; fileEncoding = 4; lastKnownFileType = sourcecode.c.objc; path = VCESplitViewController.m; sourceTree = "<group>"; };
		042683701C567FC300CDEEE1 /* VCESplitRootViewController.h */ = {isa = PBXFileReference; fileEncoding = 4; lastKnownFileType = sourcecode.c.h; path = VCESplitRootViewController.h; sourceTree = "<group>"; };
		042683711C567FC300CDEEE1 /* VCESplitRootViewController.m */ = {isa = PBXFileReference; fileEncoding = 4; lastKnownFileType = sourcecode.c.objc; path = VCESplitRootViewController.m; sourceTree = "<group>"; };
		042683731C5684A300CDEEE1 /* VCESplitDetailViewController.h */ = {isa = PBXFileReference; fileEncoding = 4; lastKnownFileType = sourcecode.c.h; path = VCESplitDetailViewController.h; sourceTree = "<group>"; };
		042683741C5684A300CDEEE1 /* VCESplitDetailViewController.m */ = {isa = PBXFileReference; fileEncoding = 4; lastKnownFileType = sourcecode.c.objc; path = VCESplitDetailViewController.m; sourceTree = "<group>"; };
		04D3ADF81C56A782008B0295 /* VCEPageViewController.h */ = {isa = PBXFileReference; fileEncoding = 4; lastKnownFileType = sourcecode.c.h; path = VCEPageViewController.h; sourceTree = "<group>"; };
		04D3ADF91C56A782008B0295 /* VCEPageViewController.m */ = {isa = PBXFileReference; fileEncoding = 4; lastKnownFileType = sourcecode.c.objc; path = VCEPageViewController.m; sourceTree = "<group>"; };
		807E57B51C578CBF002B12B6 /* VCERedViewController.h */ = {isa = PBXFileReference; fileEncoding = 4; lastKnownFileType = sourcecode.c.h; path = VCERedViewController.h; sourceTree = "<group>"; };
		807E57B61C578CBF002B12B6 /* VCERedViewController.m */ = {isa = PBXFileReference; fileEncoding = 4; lastKnownFileType = sourcecode.c.objc; path = VCERedViewController.m; sourceTree = "<group>"; };
		807E57B81C578D23002B12B6 /* VCEYellowViewController.h */ = {isa = PBXFileReference; fileEncoding = 4; lastKnownFileType = sourcecode.c.h; path = VCEYellowViewController.h; sourceTree = "<group>"; };
		807E57B91C578D23002B12B6 /* VCEYellowViewController.m */ = {isa = PBXFileReference; fileEncoding = 4; lastKnownFileType = sourcecode.c.objc; path = VCEYellowViewController.m; sourceTree = "<group>"; };
		807E57BB1C578EAB002B12B6 /* VCETabBarViewController.h */ = {isa = PBXFileReference; fileEncoding = 4; lastKnownFileType = sourcecode.c.h; path = VCETabBarViewController.h; sourceTree = "<group>"; };
		807E57BC1C578EAB002B12B6 /* VCETabBarViewController.m */ = {isa = PBXFileReference; fileEncoding = 4; lastKnownFileType = sourcecode.c.objc; path = VCETabBarViewController.m; sourceTree = "<group>"; };
		807E57BE1C579333002B12B6 /* mountain.png */ = {isa = PBXFileReference; lastKnownFileType = image.png; path = mountain.png; sourceTree = "<group>"; };
		807E57BF1C579333002B12B6 /* treasure_map.png */ = {isa = PBXFileReference; lastKnownFileType = image.png; path = treasure_map.png; sourceTree = "<group>"; };
		807E57C31C579DAE002B12B6 /* bg_cork.png */ = {isa = PBXFileReference; lastKnownFileType = image.png; path = bg_cork.png; sourceTree = "<group>"; };
		807E57C51C579F4E002B12B6 /* stare-tekstury-vintage-grunge_19-113524.jpg */ = {isa = PBXFileReference; lastKnownFileType = image.jpeg; path = "stare-tekstury-vintage-grunge_19-113524.jpg"; sourceTree = "<group>"; };
		807E57C71C57A141002B12B6 /* VCECollectionViewController.h */ = {isa = PBXFileReference; fileEncoding = 4; lastKnownFileType = sourcecode.c.h; name = VCECollectionViewController.h; path = ../VCECollectionViewController.h; sourceTree = "<group>"; };
		807E57C81C57A141002B12B6 /* VCECollectionViewController.m */ = {isa = PBXFileReference; fileEncoding = 4; lastKnownFileType = sourcecode.c.objc; name = VCECollectionViewController.m; path = ../VCECollectionViewController.m; sourceTree = "<group>"; };
		807E57CA1C57A3A7002B12B6 /* VCECollectionViewCell.h */ = {isa = PBXFileReference; fileEncoding = 4; lastKnownFileType = sourcecode.c.h; path = VCECollectionViewCell.h; sourceTree = "<group>"; };
		807E57CB1C57A3A7002B12B6 /* VCECollectionViewCell.m */ = {isa = PBXFileReference; fileEncoding = 4; lastKnownFileType = sourcecode.c.objc; path = VCECollectionViewCell.m; sourceTree = "<group>"; };
		807E57CE1C5848CB002B12B6 /* MapKit.framework */ = {isa = PBXFileReference; lastKnownFileType = wrapper.framework; name = MapKit.framework; path = System/Library/Frameworks/MapKit.framework; sourceTree = SDKROOT; };
		807E57D01C584CA5002B12B6 /* AdressAnnotation.h */ = {isa = PBXFileReference; fileEncoding = 4; lastKnownFileType = sourcecode.c.h; path = AdressAnnotation.h; sourceTree = "<group>"; };
		807E57D11C584CA5002B12B6 /* AdressAnnotation.m */ = {isa = PBXFileReference; fileEncoding = 4; lastKnownFileType = sourcecode.c.objc; path = AdressAnnotation.m; sourceTree = "<group>"; };
		807E57D31C585339002B12B6 /* Locations.plist */ = {isa = PBXFileReference; fileEncoding = 4; lastKnownFileType = text.plist.xml; path = Locations.plist; sourceTree = "<group>"; };
/* End PBXFileReference section */

/* Begin PBXFrameworksBuildPhase section */
		042683461C566F0800CDEEE1 /* Frameworks */ = {
			isa = PBXFrameworksBuildPhase;
			buildActionMask = 2147483647;
			files = (
				807E57CF1C5848CB002B12B6 /* MapKit.framework in Frameworks */,
			);
			runOnlyForDeploymentPostprocessing = 0;
		};
/* End PBXFrameworksBuildPhase section */

/* Begin PBXGroup section */
		042683401C566F0800CDEEE1 = {
			isa = PBXGroup;
			children = (
				0426834B1C566F0800CDEEE1 /* ViewControllersFlow */,
				0426834A1C566F0800CDEEE1 /* Products */,
			);
			sourceTree = "<group>";
		};
		0426834A1C566F0800CDEEE1 /* Products */ = {
			isa = PBXGroup;
			children = (
				042683491C566F0800CDEEE1 /* ViewControllersFlow.app */,
			);
			name = Products;
			sourceTree = "<group>";
		};
		0426834B1C566F0800CDEEE1 /* ViewControllersFlow */ = {
			isa = PBXGroup;
			children = (
				80B93C241C585FDB00705531 /* Plist */,
				807E57CD1C584870002B12B6 /* Frameworks */,
				807E57C21C5796A1002B12B6 /* Images */,
				042683761C5684A900CDEEE1 /* ViewControllers */,
				0426834F1C566F0800CDEEE1 /* VCEAppDelegate.h */,
				042683501C566F0800CDEEE1 /* VCEAppDelegate.m */,
				042683551C566F0800CDEEE1 /* Main.storyboard */,
				042683581C566F0800CDEEE1 /* Assets.xcassets */,
				0426835A1C566F0800CDEEE1 /* LaunchScreen.storyboard */,
				0426835D1C566F0800CDEEE1 /* Info.plist */,
				0426834C1C566F0800CDEEE1 /* Supporting Files */,
			);
			path = ViewControllersFlow;
			sourceTree = "<group>";
		};
		0426834C1C566F0800CDEEE1 /* Supporting Files */ = {
			isa = PBXGroup;
			children = (
				0426834D1C566F0800CDEEE1 /* main.m */,
			);
			name = "Supporting Files";
			sourceTree = "<group>";
		};
		042683761C5684A900CDEEE1 /* ViewControllers */ = {
			isa = PBXGroup;
			children = (
				807E57C71C57A141002B12B6 /* VCECollectionViewController.h */,
				807E57C81C57A141002B12B6 /* VCECollectionViewController.m */,
				042683731C5684A300CDEEE1 /* VCESplitDetailViewController.h */,
				042683741C5684A300CDEEE1 /* VCESplitDetailViewController.m */,
				0426836A1C567EC100CDEEE1 /* VCESplitViewController.h */,
				0426836B1C567EC100CDEEE1 /* VCESplitViewController.m */,
				042683701C567FC300CDEEE1 /* VCESplitRootViewController.h */,
				042683711C567FC300CDEEE1 /* VCESplitRootViewController.m */,
				042683631C5670B700CDEEE1 /* VCEBlueViewController.h */,
				042683641C5670B700CDEEE1 /* VCEBlueViewController.m */,
				042683671C56736700CDEEE1 /* VCEModalViewController.h */,
				042683681C56736800CDEEE1 /* VCEModalViewController.m */,
				042683521C566F0800CDEEE1 /* VCEViewController.h */,
				042683531C566F0800CDEEE1 /* VCEViewController.m */,
				04D3ADF81C56A782008B0295 /* VCEPageViewController.h */,
				04D3ADF91C56A782008B0295 /* VCEPageViewController.m */,
				807E57B51C578CBF002B12B6 /* VCERedViewController.h */,
				807E57B61C578CBF002B12B6 /* VCERedViewController.m */,
				807E57B81C578D23002B12B6 /* VCEYellowViewController.h */,
				807E57B91C578D23002B12B6 /* VCEYellowViewController.m */,
				807E57D01C584CA5002B12B6 /* AdressAnnotation.h */,
				807E57D11C584CA5002B12B6 /* AdressAnnotation.m */,
				807E57BB1C578EAB002B12B6 /* VCETabBarViewController.h */,
				807E57BC1C578EAB002B12B6 /* VCETabBarViewController.m */,
				807E57CA1C57A3A7002B12B6 /* VCECollectionViewCell.h */,
				807E57CB1C57A3A7002B12B6 /* VCECollectionViewCell.m */,
			);
			name = ViewControllers;
			sourceTree = "<group>";
		};
		807E57C21C5796A1002B12B6 /* Images */ = {
			isa = PBXGroup;
			children = (
				807E57C31C579DAE002B12B6 /* bg_cork.png */,
				807E57C51C579F4E002B12B6 /* stare-tekstury-vintage-grunge_19-113524.jpg */,
				807E57BE1C579333002B12B6 /* mountain.png */,
				807E57BF1C579333002B12B6 /* treasure_map.png */,
			);
			name = Images;
			sourceTree = "<group>";
		};
		807E57CD1C584870002B12B6 /* Frameworks */ = {
			isa = PBXGroup;
			children = (
				807E57CE1C5848CB002B12B6 /* MapKit.framework */,
			);
			name = Frameworks;
			sourceTree = "<group>";
		};
		80B93C241C585FDB00705531 /* Plist */ = {
			isa = PBXGroup;
			children = (
				807E57D31C585339002B12B6 /* Locations.plist */,
			);
			name = Plist;
			sourceTree = "<group>";
		};
/* End PBXGroup section */

/* Begin PBXNativeTarget section */
		042683481C566F0800CDEEE1 /* ViewControllersFlow */ = {
			isa = PBXNativeTarget;
			buildConfigurationList = 042683601C566F0800CDEEE1 /* Build configuration list for PBXNativeTarget "ViewControllersFlow" */;
			buildPhases = (
				042683451C566F0800CDEEE1 /* Sources */,
				042683461C566F0800CDEEE1 /* Frameworks */,
				042683471C566F0800CDEEE1 /* Resources */,
			);
			buildRules = (
			);
			dependencies = (
			);
			name = ViewControllersFlow;
			productName = ViewControllersFlow;
			productReference = 042683491C566F0800CDEEE1 /* ViewControllersFlow.app */;
			productType = "com.apple.product-type.application";
		};
/* End PBXNativeTarget section */

/* Begin PBXProject section */
		042683411C566F0800CDEEE1 /* Project object */ = {
			isa = PBXProject;
			attributes = {
				LastUpgradeCheck = 0720;
				ORGANIZATIONNAME = "Marcin Małysz";
				TargetAttributes = {
					042683481C566F0800CDEEE1 = {
						CreatedOnToolsVersion = 7.2;
					};
				};
			};
			buildConfigurationList = 042683441C566F0800CDEEE1 /* Build configuration list for PBXProject "ViewControllersFlow" */;
			compatibilityVersion = "Xcode 3.2";
			developmentRegion = English;
			hasScannedForEncodings = 0;
			knownRegions = (
				en,
				Base,
			);
			mainGroup = 042683401C566F0800CDEEE1;
			productRefGroup = 0426834A1C566F0800CDEEE1 /* Products */;
			projectDirPath = "";
			projectRoot = "";
			targets = (
				042683481C566F0800CDEEE1 /* ViewControllersFlow */,
			);
		};
/* End PBXProject section */

/* Begin PBXResourcesBuildPhase section */
		042683471C566F0800CDEEE1 /* Resources */ = {
			isa = PBXResourcesBuildPhase;
			buildActionMask = 2147483647;
			files = (
				0426835C1C566F0800CDEEE1 /* LaunchScreen.storyboard in Resources */,
				807E57C41C579DAE002B12B6 /* bg_cork.png in Resources */,
				807E57C11C579333002B12B6 /* treasure_map.png in Resources */,
				042683591C566F0800CDEEE1 /* Assets.xcassets in Resources */,
				807E57C01C579333002B12B6 /* mountain.png in Resources */,
				807E57D41C585339002B12B6 /* Locations.plist in Resources */,
				807E57C61C579F4E002B12B6 /* stare-tekstury-vintage-grunge_19-113524.jpg in Resources */,
				042683571C566F0800CDEEE1 /* Main.storyboard in Resources */,
			);
			runOnlyForDeploymentPostprocessing = 0;
		};
/* End PBXResourcesBuildPhase section */

/* Begin PBXSourcesBuildPhase section */
		042683451C566F0800CDEEE1 /* Sources */ = {
			isa = PBXSourcesBuildPhase;
			buildActionMask = 2147483647;
			files = (
				042683541C566F0800CDEEE1 /* VCEViewController.m in Sources */,
				807E57D21C584CA5002B12B6 /* AdressAnnotation.m in Sources */,
				807E57C91C57A141002B12B6 /* VCECollectionViewController.m in Sources */,
				0426836C1C567EC100CDEEE1 /* VCESplitViewController.m in Sources */,
				04D3ADFA1C56A782008B0295 /* VCEPageViewController.m in Sources */,
				042683511C566F0800CDEEE1 /* VCEAppDelegate.m in Sources */,
				042683691C56736800CDEEE1 /* VCEModalViewController.m in Sources */,
				042683751C5684A300CDEEE1 /* VCESplitDetailViewController.m in Sources */,
				807E57CC1C57A3A7002B12B6 /* VCECollectionViewCell.m in Sources */,
				807E57BD1C578EAB002B12B6 /* VCETabBarViewController.m in Sources */,
				807E57B71C578CBF002B12B6 /* VCERedViewController.m in Sources */,
				042683651C5670B700CDEEE1 /* VCEBlueViewController.m in Sources */,
				807E57BA1C578D23002B12B6 /* VCEYellowViewController.m in Sources */,
				0426834E1C566F0800CDEEE1 /* main.m in Sources */,
				042683721C567FC300CDEEE1 /* VCESplitRootViewController.m in Sources */,
			);
			runOnlyForDeploymentPostprocessing = 0;
		};
/* End PBXSourcesBuildPhase section */

/* Begin PBXVariantGroup section */
		042683551C566F0800CDEEE1 /* Main.storyboard */ = {
			isa = PBXVariantGroup;
			children = (
				042683561C566F0800CDEEE1 /* Base */,
			);
			name = Main.storyboard;
			sourceTree = "<group>";
		};
		0426835A1C566F0800CDEEE1 /* LaunchScreen.storyboard */ = {
			isa = PBXVariantGroup;
			children = (
				0426835B1C566F0800CDEEE1 /* Base */,
			);
			name = LaunchScreen.storyboard;
			sourceTree = "<group>";
		};
/* End PBXVariantGroup section */

/* Begin XCBuildConfiguration section */
		0426835E1C566F0800CDEEE1 /* Debug */ = {
			isa = XCBuildConfiguration;
			buildSettings = {
				ALWAYS_SEARCH_USER_PATHS = NO;
				CLANG_CXX_LANGUAGE_STANDARD = "gnu++0x";
				CLANG_CXX_LIBRARY = "libc++";
				CLANG_ENABLE_MODULES = YES;
				CLANG_ENABLE_OBJC_ARC = YES;
				CLANG_WARN_BOOL_CONVERSION = YES;
				CLANG_WARN_CONSTANT_CONVERSION = YES;
				CLANG_WARN_DIRECT_OBJC_ISA_USAGE = YES_ERROR;
				CLANG_WARN_EMPTY_BODY = YES;
				CLANG_WARN_ENUM_CONVERSION = YES;
				CLANG_WARN_INT_CONVERSION = YES;
				CLANG_WARN_OBJC_ROOT_CLASS = YES_ERROR;
				CLANG_WARN_UNREACHABLE_CODE = YES;
				CLANG_WARN__DUPLICATE_METHOD_MATCH = YES;
				"CODE_SIGN_IDENTITY[sdk=iphoneos*]" = "iPhone Developer";
				COPY_PHASE_STRIP = NO;
				DEBUG_INFORMATION_FORMAT = dwarf;
				ENABLE_STRICT_OBJC_MSGSEND = YES;
				ENABLE_TESTABILITY = YES;
				GCC_C_LANGUAGE_STANDARD = gnu99;
				GCC_DYNAMIC_NO_PIC = NO;
				GCC_NO_COMMON_BLOCKS = YES;
				GCC_OPTIMIZATION_LEVEL = 0;
				GCC_PREPROCESSOR_DEFINITIONS = (
					"DEBUG=1",
					"$(inherited)",
				);
				GCC_WARN_64_TO_32_BIT_CONVERSION = YES;
				GCC_WARN_ABOUT_RETURN_TYPE = YES_ERROR;
				GCC_WARN_UNDECLARED_SELECTOR = YES;
				GCC_WARN_UNINITIALIZED_AUTOS = YES_AGGRESSIVE;
				GCC_WARN_UNUSED_FUNCTION = YES;
				GCC_WARN_UNUSED_VARIABLE = YES;
				IPHONEOS_DEPLOYMENT_TARGET = 9.2;
				MTL_ENABLE_DEBUG_INFO = YES;
				ONLY_ACTIVE_ARCH = YES;
				SDKROOT = iphoneos;
				TARGETED_DEVICE_FAMILY = "1,2";
			};
			name = Debug;
		};
		0426835F1C566F0800CDEEE1 /* Release */ = {
			isa = XCBuildConfiguration;
			buildSettings = {
				ALWAYS_SEARCH_USER_PATHS = NO;
				CLANG_CXX_LANGUAGE_STANDARD = "gnu++0x";
				CLANG_CXX_LIBRARY = "libc++";
				CLANG_ENABLE_MODULES = YES;
				CLANG_ENABLE_OBJC_ARC = YES;
				CLANG_WARN_BOOL_CONVERSION = YES;
				CLANG_WARN_CONSTANT_CONVERSION = YES;
				CLANG_WARN_DIRECT_OBJC_ISA_USAGE = YES_ERROR;
				CLANG_WARN_EMPTY_BODY = YES;
				CLANG_WARN_ENUM_CONVERSION = YES;
				CLANG_WARN_INT_CONVERSION = YES;
				CLANG_WARN_OBJC_ROOT_CLASS = YES_ERROR;
				CLANG_WARN_UNREACHABLE_CODE = YES;
				CLANG_WARN__DUPLICATE_METHOD_MATCH = YES;
				"CODE_SIGN_IDENTITY[sdk=iphoneos*]" = "iPhone Developer";
				COPY_PHASE_STRIP = NO;
				DEBUG_INFORMATION_FORMAT = "dwarf-with-dsym";
				ENABLE_NS_ASSERTIONS = NO;
				ENABLE_STRICT_OBJC_MSGSEND = YES;
				GCC_C_LANGUAGE_STANDARD = gnu99;
				GCC_NO_COMMON_BLOCKS = YES;
				GCC_WARN_64_TO_32_BIT_CONVERSION = YES;
				GCC_WARN_ABOUT_RETURN_TYPE = YES_ERROR;
				GCC_WARN_UNDECLARED_SELECTOR = YES;
				GCC_WARN_UNINITIALIZED_AUTOS = YES_AGGRESSIVE;
				GCC_WARN_UNUSED_FUNCTION = YES;
				GCC_WARN_UNUSED_VARIABLE = YES;
				IPHONEOS_DEPLOYMENT_TARGET = 9.2;
				MTL_ENABLE_DEBUG_INFO = NO;
				SDKROOT = iphoneos;
				TARGETED_DEVICE_FAMILY = "1,2";
				VALIDATE_PRODUCT = YES;
			};
			name = Release;
		};
		042683611C566F0800CDEEE1 /* Debug */ = {
			isa = XCBuildConfiguration;
			buildSettings = {
				ASSETCATALOG_COMPILER_APPICON_NAME = AppIcon;
				INFOPLIST_FILE = ViewControllersFlow/Info.plist;
				LD_RUNPATH_SEARCH_PATHS = "$(inherited) @executable_path/Frameworks";
				PRODUCT_BUNDLE_IDENTIFIER = com.marcinpedzimaz.labs.flightscope.ViewControllersFlow;
				PRODUCT_NAME = "$(TARGET_NAME)";
			};
			name = Debug;
		};
		042683621C566F0800CDEEE1 /* Release */ = {
			isa = XCBuildConfiguration;
			buildSettings = {
				ASSETCATALOG_COMPILER_APPICON_NAME = AppIcon;
				INFOPLIST_FILE = ViewControllersFlow/Info.plist;
				LD_RUNPATH_SEARCH_PATHS = "$(inherited) @executable_path/Frameworks";
				PRODUCT_BUNDLE_IDENTIFIER = com.marcinpedzimaz.labs.flightscope.ViewControllersFlow;
				PRODUCT_NAME = "$(TARGET_NAME)";
			};
			name = Release;
		};
/* End XCBuildConfiguration section */

/* Begin XCConfigurationList section */
		042683441C566F0800CDEEE1 /* Build configuration list for PBXProject "ViewControllersFlow" */ = {
			isa = XCConfigurationList;
			buildConfigurations = (
				0426835E1C566F0800CDEEE1 /* Debug */,
				0426835F1C566F0800CDEEE1 /* Release */,
			);
			defaultConfigurationIsVisible = 0;
			defaultConfigurationName = Release;
		};
		042683601C566F0800CDEEE1 /* Build configuration list for PBXNativeTarget "ViewControllersFlow" */ = {
			isa = XCConfigurationList;
			buildConfigurations = (
				042683611C566F0800CDEEE1 /* Debug */,
				042683621C566F0800CDEEE1 /* Release */,
			);
			defaultConfigurationIsVisible = 0;
			defaultConfigurationName = Release;
		};
/* End XCConfigurationList section */
	};
	rootObject = 042683411C566F0800CDEEE1 /* Project object */;
}
